{
  "name": "@narova/3d-production-tools",
  "version": "0.3.0",
  "lockfileVersion": 3,
  "requires": true,
  "packages": {
    "": {
      "name": "@narova/3d-production-tools",
      "version": "0.3.0",
      "license": "Apache-2.0",
      "dependencies": {
        "@dimforge/rapier3d-deterministic-compat": "0.20.0"
      }
    },
    "node_modules/@dimforge/rapier3d-deterministic-compat": {
      "version": "0.20.0",
      "resolved": "https://registry.npmjs.org/@dimforge/rapier3d-deterministic-compat/-/rapier3d-deterministic-compat-0.20.0.tgz",
      "integrity": "sha512-kODprI9mdSm6idjbCuyRmwyVbSqFL3wvY7wOvu//eJqbqRjYc9pUMI0bSLBZt/IV+Vwzkh/Xi9nGVBJLnJgWOg==",
      "license": "Apache-2.0"
    }
  }
}
